// !$*UTF8*$!
{
	archiveVersion = 1;
	classes = {
	};
	objectVersion = 56;
	objects = {

/* Begin PBXBuildFile section */
		6810A9532A176D5600F38B93 /* AppDelegate.swift in Sources */ = {isa = PBXBuildFile; fileRef = 6810A9522A176D5600F38B93 /* AppDelegate.swift */; };
		6810A9552A176D5600F38B93 /* SceneDelegate.swift in Sources */ = {isa = PBXBuildFile; fileRef = 6810A9542A176D5600F38B93 /* SceneDelegate.swift */; };
		6810A9572A176D5600F38B93 /* ViewController.swift in Sources */ = {isa = PBXBuildFile; fileRef = 6810A9562A176D5600F38B93 /* ViewController.swift */; };
		6810A95A2A176D5600F38B93 /* Main.storyboard in Resources */ = {isa = PBXBuildFile; fileRef = 6810A9582A176D5600F38B93 /* Main.storyboard */; };
		6810A95C2A176D5700F38B93 /* Assets.xcassets in Resources */ = {isa = PBXBuildFile; fileRef = 6810A95B2A176D5700F38B93 /* Assets.xcassets */; };
		6810A95F2A176D5700F38B93 /* LaunchScreen.storyboard in Resources */ = {isa = PBXBuildFile; fileRef = 6810A95D2A176D5700F38B93 /* LaunchScreen.storyboard */; };
		6810A96A2A176D5700F38B93 /* CocoaTouchTests.swift in Sources */ = {isa = PBXBuildFile; fileRef = 6810A9692A176D5700F38B93 /* CocoaTouchTests.swift */; };
		6810A9742A176D5700F38B93 /* CocoaTouchUITests.swift in Sources */ = {isa = PBXBuildFile; fileRef = 6810A9732A176D5700F38B93 /* CocoaTouchUITests.swift */; };
		6810A9762A176D5700F38B93 /* CocoaTouchUITestsLaunchTests.swift in Sources */ = {isa = PBXBuildFile; fileRef = 6810A9752A176D5700F38B93 /* CocoaTouchUITestsLaunchTests.swift */; };
/* End PBXBuildFile section */

/* Begin PBXContainerItemProxy section */
		6810A9662A176D5700F38B93 /* PBXContainerItemProxy */ = {
			isa = PBXContainerItemProxy;
			containerPortal = 6810A9472A176D5600F38B93 /* Project object */;
			proxyType = 1;
			remoteGlobalIDString = 6810A94E2A176D5600F38B93;
			remoteInfo = CocoaTouch;
		};
		6810A9702A176D5700F38B93 /* PBXContainerItemProxy */ = {
			isa = PBXContainerItemProxy;
			containerPortal = 6810A9472A176D5600F38B93 /* Project object */;
			proxyType = 1;
			remoteGlobalIDString = 6810A94E2A176D5600F38B93;
			remoteInfo = CocoaTouch;
		};
/* End PBXContainerItemProxy section */

/* Begin PBXFileReference section */
		6810A94F2A176D5600F38B93 /* CocoaTouch.app */ = {isa = PBXFileReference; explicitFileType = wrapper.application; includeInIndex = 0; path = CocoaTouch.app; sourceTree = BUILT_PRODUCTS_DIR; };
		6810A9522A176D5600F38B93 /* AppDelegate.swift */ = {isa = PBXFileReference; lastKnownFileType = sourcecode.swift; path = AppDelegate.swift; sourceTree = "<group>"; };
		6810A9542A176D5600F38B93 /* SceneDelegate.swift */ = {isa = PBXFileReference; lastKnownFileType = sourcecode.swift; path = SceneDelegate.swift; sourceTree = "<group>"; };
		6810A9562A176D5600F38B93 /* ViewController.swift */ = {isa = PBXFileReference; lastKnownFileType = sourcecode.swift; path = ViewController.swift; sourceTree = "<group>"; };
		6810A9592A176D5600F38B93 /* Base */ = {isa = PBXFileReference; lastKnownFileType = file.storyboard; name = Base; path = Base.lproj/Main.storyboard; sourceTree = "<group>"; };
		6810A95B2A176D5700F38B93 /* Assets.xcassets */ = {isa = PBXFileReference; lastKnownFileType = folder.assetcatalog; path = Assets.xcassets; sourceTree = "<group>"; };
		6810A95E2A176D5700F38B93 /* Base */ = {isa = PBXFileReference; lastKnownFileType = file.storyboard; name = Base; path = Base.lproj/LaunchScreen.storyboard; sourceTree = "<group>"; };
		6810A9602A176D5700F38B93 /* Info.plist */ = {isa = PBXFileReference; lastKnownFileType = text.plist.xml; path = Info.plist; sourceTree = "<group>"; };
		6810A9652A176D5700F38B93 /* CocoaTouchTests.xctest */ = {isa = PBXFileReference; explicitFileType = wrapper.cfbundle; includeInIndex = 0; path = CocoaTouchTests.xctest; sourceTree = BUILT_PRODUCTS_DIR; };
		6810A9692A176D5700F38B93 /* CocoaTouchTests.swift */ = {isa = PBXFileReference; lastKnownFileType = sourcecode.swift; path = CocoaTouchTests.swift; sourceTree = "<group>"; };
		6810A96F2A176D5700F38B93 /* CocoaTouchUITests.xctest */ = {isa = PBXFileReference; explicitFileType = wrapper.cfbundle; includeInIndex = 0; path = CocoaTouchUITests.xctest; sourceTree = BUILT_PRODUCTS_DIR; };
		6810A9732A176D5700F38B93 /* CocoaTouchUITests.swift */ = {isa = PBXFileReference; lastKnownFileType = sourcecode.swift; path = CocoaTouchUITests.swift; sourceTree = "<group>"; };
		6810A9752A176D5700F38B93 /* CocoaTouchUITestsLaunchTests.swift */ = {isa = PBXFileReference; lastKnownFileType = sourcecode.swift; path = CocoaTouchUITestsLaunchTests.swift; sourceTree = "<group>"; };
/* End PBXFileReference section */

/* Begin PBXFrameworksBuildPhase section */
		6810A94C2A176D5600F38B93 /* Frameworks */ = {
			isa = PBXFrameworksBuildPhase;
			buildActionMask = 2147483647;
			files = (
			);
			runOnlyForDeploymentPostprocessing = 0;
		};
		6810A9622A176D5700F38B93 /* Frameworks */ = {
			isa = PBXFrameworksBuildPhase;
			buildActionMask = 2147483647;
			files = (
			);
			runOnlyForDeploymentPostprocessing = 0;
		};
		6810A96C2A176D5700F38B93 /* Frameworks */ = {
			isa = PBXFrameworksBuildPhase;
			buildActionMask = 2147483647;
			files = (
			);
			runOnlyForDeploymentPostprocessing = 0;
		};
/* End PBXFrameworksBuildPhase section */

/* Begin PBXGroup section */
		6810A9462A176D5600F38B93 = {
			isa = PBXGroup;
			children = (
				6810A9512A176D5600F38B93 /* CocoaTouch */,
				6810A9682A176D5700F38B93 /* CocoaTouchTests */,
				6810A9722A176D5700F38B93 /* CocoaTouchUITests */,
				6810A9502A176D5600F38B93 /* Products */,
			);
			sourceTree = "<group>";
		};
		6810A9502A176D5600F38B93 /* Products */ = {
			isa = PBXGroup;
			children = (
				6810A94F2A176D5600F38B93 /* CocoaTouch.app */,
				6810A9652A176D5700F38B93 /* CocoaTouchTests.xctest */,
				6810A96F2A176D5700F38B93 /* CocoaTouchUITests.xctest */,
			);
			name = Products;
			sourceTree = "<group>";
		};
		6810A9512A176D5600F38B93 /* CocoaTouch */ = {
			isa = PBXGroup;
			children = (
				6810A9522A176D5600F38B93 /* AppDelegate.swift */,
				6810A9542A176D5600F38B93 /* SceneDelegate.swift */,
				6810A9562A176D5600F38B93 /* ViewController.swift */,
				6810A9582A176D5600F38B93 /* Main.storyboard */,
				6810A95B2A176D5700F38B93 /* Assets.xcassets */,
				6810A95D2A176D5700F38B93 /* LaunchScreen.storyboard */,
				6810A9602A176D5700F38B93 /* Info.plist */,
			);
			path = CocoaTouch;
			sourceTree = "<group>";
		};
		6810A9682A176D5700F38B93 /* CocoaTouchTests */ = {
			isa = PBXGroup;
			children = (
				6810A9692A176D5700F38B93 /* CocoaTouchTests.swift */,
			);
			path = CocoaTouchTests;
			sourceTree = "<group>";
		};
		6810A9722A176D5700F38B93 /* CocoaTouchUITests */ = {
			isa = PBXGroup;
			children = (
				6810A9732A176D5700F38B93 /* CocoaTouchUITests.swift */,
				6810A9752A176D5700F38B93 /* CocoaTouchUITestsLaunchTests.swift */,
			);
			path = CocoaTouchUITests;
			sourceTree = "<group>";
		};
/* End PBXGroup section */

/* Begin PBXNativeTarget section */
		6810A94E2A176D5600F38B93 /* CocoaTouch */ = {
			isa = PBXNativeTarget;
			buildConfigurationList = 6810A9792A176D5700F38B93 /* Build configuration list for PBXNativeTarget "CocoaTouch" */;
			buildPhases = (
				6810A94B2A176D5600F38B93 /* Sources */,
				6810A94C2A176D5600F38B93 /* Frameworks */,
				6810A94D2A176D5600F38B93 /* Resources */,
			);
			buildRules = (
			);
			dependencies = (
			);
			name = CocoaTouch;
			productName = CocoaTouch;
			productReference = 6810A94F2A176D5600F38B93 /* CocoaTouch.app */;
			productType = "com.apple.product-type.application";
		};
		6810A9642A176D5700F38B93 /* CocoaTouchTests */ = {
			isa = PBXNativeTarget;
			buildConfigurationList = 6810A97C2A176D5700F38B93 /* Build configuration list for PBXNativeTarget "CocoaTouchTests" */;
			buildPhases = (
				6810A9612A176D5700F38B93 /* Sources */,
				6810A9622A176D5700F38B93 /* Frameworks */,
				6810A9632A176D5700F38B93 /* Resources */,
			);
			buildRules = (
			);
			dependencies = (
				6810A9672A176D5700F38B93 /* PBXTargetDependency */,
			);
			name = CocoaTouchTests;
			productName = CocoaTouchTests;
			productReference = 6810A9652A176D5700F38B93 /* CocoaTouchTests.xctest */;
			productType = "com.apple.product-type.bundle.unit-test";
		};
		6810A96E2A176D5700F38B93 /* CocoaTouchUITests */ = {
			isa = PBXNativeTarget;
			buildConfigurationList = 6810A97F2A176D5700F38B93 /* Build configuration list for PBXNativeTarget "CocoaTouchUITests" */;
			buildPhases = (
				6810A96B2A176D5700F38B93 /* Sources */,
				6810A96C2A176D5700F38B93 /* Frameworks */,
				6810A96D2A176D5700F38B93 /* Resources */,
			);
			buildRules = (
			);
			dependencies = (
				6810A9712A176D5700F38B93 /* PBXTargetDependency */,
			);
			name = CocoaTouchUITests;
			productName = CocoaTouchUITests;
			productReference = 6810A96F2A176D5700F38B93 /* CocoaTouchUITests.xctest */;
			productType = "com.apple.product-type.bundle.ui-testing";
		};
/* End PBXNativeTarget section */

/* Begin PBXProject section */
		6810A9472A176D5600F38B93 /* Project object */ = {
			isa = PBXProject;
			attributes = {
				BuildIndependentTargetsInParallel = 1;
				LastSwiftUpdateCheck = 1430;
				LastUpgradeCheck = 1430;
				TargetAttributes = {
					6810A94E2A176D5600F38B93 = {
						CreatedOnToolsVersion = 14.3;
					};
					6810A9642A176D5700F38B93 = {
						CreatedOnToolsVersion = 14.3;
						TestTargetID = 6810A94E2A176D5600F38B93;
					};
					6810A96E2A176D5700F38B93 = {
						CreatedOnToolsVersion = 14.3;
						TestTargetID = 6810A94E2A176D5600F38B93;
					};
				};
			};
			buildConfigurationList = 6810A94A2A176D5600F38B93 /* Build configuration list for PBXProject "CocoaTouch" */;
			compatibilityVersion = "Xcode 14.0";
			developmentRegion = en;
			hasScannedForEncodings = 0;
			knownRegions = (
				en,
				Base,
			);
			mainGroup = 6810A9462A176D5600F38B93;
			productRefGroup = 6810A9502A176D5600F38B93 /* Products */;
			projectDirPath = "";
			projectRoot = "";
			targets = (
				6810A94E2A176D5600F38B93 /* CocoaTouch */,
				6810A9642A176D5700F38B93 /* CocoaTouchTests */,
				6810A96E2A176D5700F38B93 /* CocoaTouchUITests */,
			);
		};
/* End PBXProject section */

/* Begin PBXResourcesBuildPhase section */
		6810A94D2A176D5600F38B93 /* Resources */ = {
			isa = PBXResourcesBuildPhase;
			buildActionMask = 2147483647;
			files = (
				6810A95F2A176D5700F38B93 /* LaunchScreen.storyboard in Resources */,
				6810A95C2A176D5700F38B93 /* Assets.xcassets in Resources */,
				6810A95A2A176D5600F38B93 /* Main.storyboard in Resources */,
			);
			runOnlyForDeploymentPostprocessing = 0;
		};
		6810A9632A176D5700F38B93 /* Resources */ = {
			isa = PBXResourcesBuildPhase;
			buildActionMask = 2147483647;
			files = (
			);
			runOnlyForDeploymentPostprocessing = 0;
		};
		6810A96D2A176D5700F38B93 /* Resources */ = {
			isa = PBXResourcesBuildPhase;
			buildActionMask = 2147483647;
			files = (
			);
			runOnlyForDeploymentPostprocessing = 0;
		};
/* End PBXResourcesBuildPhase section */

/* Begin PBXSourcesBuildPhase section */
		6810A94B2A176D5600F38B93 /* Sources */ = {
			isa = PBXSourcesBuildPhase;
			buildActionMask = 2147483647;
			files = (
				6810A9572A176D5600F38B93 /* ViewController.swift in Sources */,
				6810A9532A176D5600F38B93 /* AppDelegate.swift in Sources */,
				6810A9552A176D5600F38B93 /* SceneDelegate.swift in Sources */,
			);
			runOnlyForDeploymentPostprocessing = 0;
		};
		6810A9612A176D5700F38B93 /* Sources */ = {
			isa = PBXSourcesBuildPhase;
			buildActionMask = 2147483647;
			files = (
				6810A96A2A176D5700F38B93 /* CocoaTouchTests.swift in Sources */,
			);
			runOnlyForDeploymentPostprocessing = 0;
		};
		6810A96B2A176D5700F38B93 /* Sources */ = {
			isa = PBXSourcesBuildPhase;
			buildActionMask = 2147483647;
			files = (
				6810A9762A176D5700F38B93 /* CocoaTouchUITestsLaunchTests.swift in Sources */,
				6810A9742A176D5700F38B93 /* CocoaTouchUITests.swift in Sources */,
			);
			runOnlyForDeploymentPostprocessing = 0;
		};
/* End PBXSourcesBuildPhase section */

/* Begin PBXTargetDependency section */
		6810A9672A176D5700F38B93 /* PBXTargetDependency */ = {
			isa = PBXTargetDependency;
			target = 6810A94E2A176D5600F38B93 /* CocoaTouch */;
			targetProxy = 6810A9662A176D5700F38B93 /* PBXContainerItemProxy */;
		};
		6810A9712A176D5700F38B93 /* PBXTargetDependency */ = {
			isa = PBXTargetDependency;
			target = 6810A94E2A176D5600F38B93 /* CocoaTouch */;
			targetProxy = 6810A9702A176D5700F38B93 /* PBXContainerItemProxy */;
		};
/* End PBXTargetDependency section */

/* Begin PBXVariantGroup section */
		6810A9582A176D5600F38B93 /* Main.storyboard */ = {
			isa = PBXVariantGroup;
			children = (
				6810A9592A176D5600F38B93 /* Base */,
			);
			name = Main.storyboard;
			sourceTree = "<group>";
		};
		6810A95D2A176D5700F38B93 /* LaunchScreen.storyboard */ = {
			isa = PBXVariantGroup;
			children = (
				6810A95E2A176D5700F38B93 /* Base */,
			);
			name = LaunchScreen.storyboard;
			sourceTree = "<group>";
		};
/* End PBXVariantGroup section */

/* Begin XCBuildConfiguration section */
		6810A9772A176D5700F38B93 /* Debug */ = {
			isa = XCBuildConfiguration;
			buildSettings = {
				ALWAYS_SEARCH_USER_PATHS = NO;
				CLANG_ANALYZER_NONNULL = YES;
				CLANG_ANALYZER_NUMBER_OBJECT_CONVERSION = YES_AGGRESSIVE;
				CLANG_CXX_LANGUAGE_STANDARD = "gnu++20";
				CLANG_ENABLE_MODULES = YES;
				CLANG_ENABLE_OBJC_ARC = YES;
				CLANG_ENABLE_OBJC_WEAK = YES;
				CLANG_WARN_BLOCK_CAPTURE_AUTORELEASING = YES;
				CLANG_WARN_BOOL_CONVERSION = YES;
				CLANG_WARN_COMMA = YES;
				CLANG_WARN_CONSTANT_CONVERSION = YES;
				CLANG_WARN_DEPRECATED_OBJC_IMPLEMENTATIONS = YES;
				CLANG_WARN_DIRECT_OBJC_ISA_USAGE = YES_ERROR;
				CLANG_WARN_DOCUMENTATION_COMMENTS = YES;
				CLANG_WARN_EMPTY_BODY = YES;
				CLANG_WARN_ENUM_CONVERSION = YES;
				CLANG_WARN_INFINITE_RECURSION = YES;
				CLANG_WARN_INT_CONVERSION = YES;
				CLANG_WARN_NON_LITERAL_NULL_CONVERSION = YES;
				CLANG_WARN_OBJC_IMPLICIT_RETAIN_SELF = YES;
				CLANG_WARN_OBJC_LITERAL_CONVERSION = YES;
				CLANG_WARN_OBJC_ROOT_CLASS = YES_ERROR;
				CLANG_WARN_QUOTED_INCLUDE_IN_FRAMEWORK_HEADER = YES;
				CLANG_WARN_RANGE_LOOP_ANALYSIS = YES;
				CLANG_WARN_STRICT_PROTOTYPES = YES;
				CLANG_WARN_SUSPICIOUS_MOVE = YES;
				CLANG_WARN_UNGUARDED_AVAILABILITY = YES_AGGRESSIVE;
				CLANG_WARN_UNREACHABLE_CODE = YES;
				CLANG_WARN__DUPLICATE_METHOD_MATCH = YES;
				COPY_PHASE_STRIP = NO;
				DEBUG_INFORMATION_FORMAT = dwarf;
				ENABLE_STRICT_OBJC_MSGSEND = YES;
				ENABLE_TESTABILITY = YES;
				GCC_C_LANGUAGE_STANDARD = gnu11;
				GCC_DYNAMIC_NO_PIC = NO;
				GCC_NO_COMMON_BLOCKS = YES;
				GCC_OPTIMIZATION_LEVEL = 0;
				GCC_PREPROCESSOR_DEFINITIONS = (
					"DEBUG=1",
					"$(inherited)",
				);
				GCC_WARN_64_TO_32_BIT_CONVERSION = YES;
				GCC_WARN_ABOUT_RETURN_TYPE = YES_ERROR;
				GCC_WARN_UNDECLARED_SELECTOR = YES;
				GCC_WARN_UNINITIALIZED_AUTOS = YES_AGGRESSIVE;
				GCC_WARN_UNUSED_FUNCTION = YES;
				GCC_WARN_UNUSED_VARIABLE = YES;
				IPHONEOS_DEPLOYMENT_TARGET = 16.4;
				MTL_ENABLE_DEBUG_INFO = INCLUDE_SOURCE;
				MTL_FAST_MATH = YES;
				ONLY_ACTIVE_ARCH = YES;
				SDKROOT = iphoneos;
				SWIFT_ACTIVE_COMPILATION_CONDITIONS = DEBUG;
				SWIFT_OPTIMIZATION_LEVEL = "-Onone";
			};
			name = Debug;
		};
		6810A9782A176D5700F38B93 /* Release */ = {
			isa = XCBuildConfiguration;
			buildSettings = {
				ALWAYS_SEARCH_USER_PATHS = NO;
				CLANG_ANALYZER_NONNULL = YES;
				CLANG_ANALYZER_NUMBER_OBJECT_CONVERSION = YES_AGGRESSIVE;
				CLANG_CXX_LANGUAGE_STANDARD = "gnu++20";
				CLANG_ENABLE_MODULES = YES;
				CLANG_ENABLE_OBJC_ARC = YES;
				CLANG_ENABLE_OBJC_WEAK = YES;
				CLANG_WARN_BLOCK_CAPTURE_AUTORELEASING = YES;
				CLANG_WARN_BOOL_CONVERSION = YES;
				CLANG_WARN_COMMA = YES;
				CLANG_WARN_CONSTANT_CONVERSION = YES;
				CLANG_WARN_DEPRECATED_OBJC_IMPLEMENTATIONS = YES;
				CLANG_WARN_DIRECT_OBJC_ISA_USAGE = YES_ERROR;
				CLANG_WARN_DOCUMENTATION_COMMENTS = YES;
				CLANG_WARN_EMPTY_BODY = YES;
				CLANG_WARN_ENUM_CONVERSION = YES;
				CLANG_WARN_INFINITE_RECURSION = YES;
				CLANG_WARN_INT_CONVERSION = YES;
				CLANG_WARN_NON_LITERAL_NULL_CONVERSION = YES;
				CLANG_WARN_OBJC_IMPLICIT_RETAIN_SELF = YES;
				CLANG_WARN_OBJC_LITERAL_CONVERSION = YES;
				CLANG_WARN_OBJC_ROOT_CLASS = YES_ERROR;
				CLANG_WARN_QUOTED_INCLUDE_IN_FRAMEWORK_HEADER = YES;
				CLANG_WARN_RANGE_LOOP_ANALYSIS = YES;
				CLANG_WARN_STRICT_PROTOTYPES = YES;
				CLANG_WARN_SUSPICIOUS_MOVE = YES;
				CLANG_WARN_UNGUARDED_AVAILABILITY = YES_AGGRESSIVE;
				CLANG_WARN_UNREACHABLE_CODE = YES;
				CLANG_WARN__DUPLICATE_METHOD_MATCH = YES;
				COPY_PHASE_STRIP = NO;
				DEBUG_INFORMATION_FORMAT = "dwarf-with-dsym";
				ENABLE_NS_ASSERTIONS = NO;
				ENABLE_STRICT_OBJC_MSGSEND = YES;
				GCC_C_LANGUAGE_STANDARD = gnu11;
				GCC_NO_COMMON_BLOCKS = YES;
				GCC_WARN_64_TO_32_BIT_CONVERSION = YES;
				GCC_WARN_ABOUT_RETURN_TYPE = YES_ERROR;
				GCC_WARN_UNDECLARED_SELECTOR = YES;
				GCC_WARN_UNINITIALIZED_AUTOS = YES_AGGRESSIVE;
				GCC_WARN_UNUSED_FUNCTION = YES;
				GCC_WARN_UNUSED_VARIABLE = YES;
				IPHONEOS_DEPLOYMENT_TARGET = 16.4;
				MTL_ENABLE_DEBUG_INFO = NO;
				MTL_FAST_MATH = YES;
				SDKROOT = iphoneos;
				SWIFT_COMPILATION_MODE = wholemodule;
				SWIFT_OPTIMIZATION_LEVEL = "-O";
				VALIDATE_PRODUCT = YES;
			};
			name = Release;
		};
		6810A97A2A176D5700F38B93 /* Debug */ = {
			isa = XCBuildConfiguration;
			buildSettings = {
				ASSETCATALOG_COMPILER_APPICON_NAME = AppIcon;
				ASSETCATALOG_COMPILER_GLOBAL_ACCENT_COLOR_NAME = AccentColor;
				CODE_SIGN_STYLE = Automatic;
				CURRENT_PROJECT_VERSION = 1;
				GENERATE_INFOPLIST_FILE = YES;
				INFOPLIST_FILE = CocoaTouch/Info.plist;
				INFOPLIST_KEY_UIApplicationSupportsIndirectInputEvents = YES;
				INFOPLIST_KEY_UILaunchStoryboardName = LaunchScreen;
				INFOPLIST_KEY_UIMainStoryboardFile = Main;
				INFOPLIST_KEY_UISupportedInterfaceOrientations_iPad = "UIInterfaceOrientationPortrait UIInterfaceOrientationPortraitUpsideDown UIInterfaceOrientationLandscapeLeft UIInterfaceOrientationLandscapeRight";
				INFOPLIST_KEY_UISupportedInterfaceOrientations_iPhone = "UIInterfaceOrientationPortrait UIInterfaceOrientationLandscapeLeft UIInterfaceOrientationLandscapeRight";
				LD_RUNPATH_SEARCH_PATHS = (
					"$(inherited)",
					"@executable_path/Frameworks",
				);
				MARKETING_VERSION = 1.0;
				PRODUCT_BUNDLE_IDENTIFIER = thabo.com.CocoaTouch;
				PRODUCT_NAME = "$(TARGET_NAME)";
				SWIFT_EMIT_LOC_STRINGS = YES;
				SWIFT_VERSION = 5.0;
				TARGETED_DEVICE_FAMILY = "1,2";
			};
			name = Debug;
		};
		6810A97B2A176D5700F38B93 /* Release */ = {
			isa = XCBuildConfiguration;
			buildSettings = {
				ASSETCATALOG_COMPILER_APPICON_NAME = AppIcon;
				ASSETCATALOG_COMPILER_GLOBAL_ACCENT_COLOR_NAME = AccentColor;
				CODE_SIGN_STYLE = Automatic;
				CURRENT_PROJECT_VERSION = 1;
				GENERATE_INFOPLIST_FILE = YES;
				INFOPLIST_FILE = CocoaTouch/Info.plist;
				INFOPLIST_KEY_UIApplicationSupportsIndirectInputEvents = YES;
				INFOPLIST_KEY_UILaunchStoryboardName = LaunchScreen;
				INFOPLIST_KEY_UIMainStoryboardFile = Main;
				INFOPLIST_KEY_UISupportedInterfaceOrientations_iPad = "UIInterfaceOrientationPortrait UIInterfaceOrientationPortraitUpsideDown UIInterfaceOrientationLandscapeLeft UIInterfaceOrientationLandscapeRight";
				INFOPLIST_KEY_UISupportedInterfaceOrientations_iPhone = "UIInterfaceOrientationPortrait UIInterfaceOrientationLandscapeLeft UIInterfaceOrientationLandscapeRight";
				LD_RUNPATH_SEARCH_PATHS = (
					"$(inherited)",
					"@executable_path/Frameworks",
				);
				MARKETING_VERSION = 1.0;
				PRODUCT_BUNDLE_IDENTIFIER = thabo.com.CocoaTouch;
				PRODUCT_NAME = "$(TARGET_NAME)";
				SWIFT_EMIT_LOC_STRINGS = YES;
				SWIFT_VERSION = 5.0;
				TARGETED_DEVICE_FAMILY = "1,2";
			};
			name = Release;
		};
		6810A97D2A176D5700F38B93 /* Debug */ = {
			isa = XCBuildConfiguration;
			buildSettings = {
				ALWAYS_EMBED_SWIFT_STANDARD_LIBRARIES = YES;
				BUNDLE_LOADER = "$(TEST_HOST)";
				CODE_SIGN_STYLE = Automatic;
				CURRENT_PROJECT_VERSION = 1;
				GENERATE_INFOPLIST_FILE = YES;
				IPHONEOS_DEPLOYMENT_TARGET = 16.4;
				MARKETING_VERSION = 1.0;
				PRODUCT_BUNDLE_IDENTIFIER = thabo.com.CocoaTouchTests;
				PRODUCT_NAME = "$(TARGET_NAME)";
				SWIFT_EMIT_LOC_STRINGS = NO;
				SWIFT_VERSION = 5.0;
				TARGETED_DEVICE_FAMILY = "1,2";
				TEST_HOST = "$(BUILT_PRODUCTS_DIR)/CocoaTouch.app/$(BUNDLE_EXECUTABLE_FOLDER_PATH)/CocoaTouch";
			};
			name = Debug;
		};
		6810A97E2A176D5700F38B93 /* Release */ = {
			isa = XCBuildConfiguration;
			buildSettings = {
				ALWAYS_EMBED_SWIFT_STANDARD_LIBRARIES = YES;
				BUNDLE_LOADER = "$(TEST_HOST)";
				CODE_SIGN_STYLE = Automatic;
				CURRENT_PROJECT_VERSION = 1;
				GENERATE_INFOPLIST_FILE = YES;
				IPHONEOS_DEPLOYMENT_TARGET = 16.4;
				MARKETING_VERSION = 1.0;
				PRODUCT_BUNDLE_IDENTIFIER = thabo.com.CocoaTouchTests;
				PRODUCT_NAME = "$(TARGET_NAME)";
				SWIFT_EMIT_LOC_STRINGS = NO;
				SWIFT_VERSION = 5.0;
				TARGETED_DEVICE_FAMILY = "1,2";
				TEST_HOST = "$(BUILT_PRODUCTS_DIR)/CocoaTouch.app/$(BUNDLE_EXECUTABLE_FOLDER_PATH)/CocoaTouch";
			};
			name = Release;
		};
		6810A9802A176D5700F38B93 /* Debug */ = {
			isa = XCBuildConfiguration;
			buildSettings = {
				ALWAYS_EMBED_SWIFT_STANDARD_LIBRARIES = YES;
				CODE_SIGN_STYLE = Automatic;
				CURRENT_PROJECT_VERSION = 1;
				GENERATE_INFOPLIST_FILE = YES;
				MARKETING_VERSION = 1.0;
				PRODUCT_BUNDLE_IDENTIFIER = thabo.com.CocoaTouchUITests;
				PRODUCT_NAME = "$(TARGET_NAME)";
				SWIFT_EMIT_LOC_STRINGS = NO;
				SWIFT_VERSION = 5.0;
				TARGETED_DEVICE_FAMILY = "1,2";
				TEST_TARGET_NAME = CocoaTouch;
			};
			name = Debug;
		};
		6810A9812A176D5700F38B93 /* Release */ = {
			isa = XCBuildConfiguration;
			buildSettings = {
				ALWAYS_EMBED_SWIFT_STANDARD_LIBRARIES = YES;
				CODE_SIGN_STYLE = Automatic;
				CURRENT_PROJECT_VERSION = 1;
				GENERATE_INFOPLIST_FILE = YES;
				MARKETING_VERSION = 1.0;
				PRODUCT_BUNDLE_IDENTIFIER = thabo.com.CocoaTouchUITests;
				PRODUCT_NAME = "$(TARGET_NAME)";
				SWIFT_EMIT_LOC_STRINGS = NO;
				SWIFT_VERSION = 5.0;
				TARGETED_DEVICE_FAMILY = "1,2";
				TEST_TARGET_NAME = CocoaTouch;
			};
			name = Release;
		};
/* End XCBuildConfiguration section */

/* Begin XCConfigurationList section */
		6810A94A2A176D5600F38B93 /* Build configuration list for PBXProject "CocoaTouch" */ = {
			isa = XCConfigurationList;
			buildConfigurations = (
				6810A9772A176D5700F38B93 /* Debug */,
				6810A9782A176D5700F38B93 /* Release */,
			);
			defaultConfigurationIsVisible = 0;
			defaultConfigurationName = Release;
		};
		6810A9792A176D5700F38B93 /* Build configuration list for PBXNativeTarget "CocoaTouch" */ = {
			isa = XCConfigurationList;
			buildConfigurations = (
				6810A97A2A176D5700F38B93 /* Debug */,
				6810A97B2A176D5700F38B93 /* Release */,
			);
			defaultConfigurationIsVisible = 0;
			defaultConfigurationName = Release;
		};
		6810A97C2A176D5700F38B93 /* Build configuration list for PBXNativeTarget "CocoaTouchTests" */ = {
			isa = XCConfigurationList;
			buildConfigurations = (
				6810A97D2A176D5700F38B93 /* Debug */,
				6810A97E2A176D5700F38B93 /* Release */,
			);
			defaultConfigurationIsVisible = 0;
			defaultConfigurationName = Release;
		};
		6810A97F2A176D5700F38B93 /* Build configuration list for PBXNativeTarget "CocoaTouchUITests" */ = {
			isa = XCConfigurationList;
			buildConfigurations = (
				6810A9802A176D5700F38B93 /* Debug */,
				6810A9812A176D5700F38B93 /* Release */,
			);
			defaultConfigurationIsVisible = 0;
			defaultConfigurationName = Release;
		};
/* End XCConfigurationList section */
	};
	rootObject = 6810A9472A176D5600F38B93 /* Project object */;
}
